
Microsoft Visual Studio Solution File, Format Version 12.00
# Visual Studio Version 17
VisualStudioVersion = 17.5.33627.172
MinimumVisualStudioVersion = 10.0.40219.1
Project("{FAE04EC0-301F-11D3-BF4B-00C04F79EFBC}") = "Lab5", "Lab5\Lab5.csproj", "{F87C9E18-1FB6-4D30-805F-A64E6C24BDC1}"
EndProject
Global
	GlobalSection(SolutionConfigurationPlatforms) = preSolution
		Debug|Any CPU = Debug|Any CPU
		Release|Any CPU = Release|Any CPU
	EndGlobalSection
	GlobalSection(ProjectConfigurationPlatforms) = postSolution
		{F87C9E18-1FB6-4D30-805F-A64E6C24BDC1}.Debug|Any CPU.ActiveCfg = Debug|Any CPU
		{F87C9E18-1FB6-4D30-805F-A64E6C24BDC1}.Debug|Any CPU.Build.0 = Debug|Any CPU
		{F87C9E18-1FB6-4D30-805F-A64E6C24BDC1}.Release|Any CPU.ActiveCfg = Release|Any CPU
		{F87C9E18-1FB6-4D30-805F-A64E6C24BDC1}.Release|Any CPU.Build.0 = Release|Any CPU
	EndGlobalSection
	GlobalSection(SolutionProperties) = preSolution
		HideSolutionNode = FALSE
	EndGlobalSection
	GlobalSection(ExtensibilityGlobals) = postSolution
		SolutionGuid = {4B880EED-609B-4EA6-91A0-E0EE69C6F113}
	EndGlobalSection
EndGlobal
